
Microsoft Visual Studio Solution File, Format Version 12.00
# Visual Studio 15
VisualStudioVersion = 15.0.28307.168
MinimumVisualStudioVersion = 10.0.40219.1
Project("{2150E333-8FDC-42A3-9474-1A3956D46DE8}") = "1-Microservices", "1-Microservices", "{B3204165-FBFA-44A8-81C5-692A45E7DF2A}"
EndProject
Project("{2150E333-8FDC-42A3-9474-1A3956D46DE8}") = "2-Domain", "2-Domain", "{511904A9-5D3F-4B05-83B6-8441B89B0855}"
EndProject
Project("{2150E333-8FDC-42A3-9474-1A3956D46DE8}") = "3-Infra.Bus", "3-Infra.Bus", "{D8675D5F-AB73-420E-A20C-BEFD7836A90B}"
EndProject
Project("{2150E333-8FDC-42A3-9474-1A3956D46DE8}") = "4-Infra.IoC", "4-Infra.IoC", "{71DFA452-7E83-4097-84FB-C908D1672F94}"
EndProject
Project("{2150E333-8FDC-42A3-9474-1A3956D46DE8}") = "0-Presentation", "0-Presentation", "{77DC7E76-E2E4-4B7C-BF36-68246C45E324}"
EndProject
Project("{FAE04EC0-301F-11D3-BF4B-00C04F79EFBC}") = "MicroRabbit.Domain.Core", "MicroRabbit.Domain.Core\MicroRabbit.Domain.Core.csproj", "{5CE38382-7008-4EE9-9A9C-595A31FDA41B}"
EndProject
Project("{FAE04EC0-301F-11D3-BF4B-00C04F79EFBC}") = "MicroRabbit.Infra.Bus", "MicroRabbit.Infra.Bus\MicroRabbit.Infra.Bus.csproj", "{21AEB1ED-D796-446A-B00C-92F2F7C039F6}"
EndProject
Project("{FAE04EC0-301F-11D3-BF4B-00C04F79EFBC}") = "MicroRabbit.Infra.IoC", "MicroRabbit.Infra.IoC\MicroRabbit.Infra.IoC.csproj", "{193C335C-692A-4EB3-8995-1619C35D4D9F}"
EndProject
Project("{2150E333-8FDC-42A3-9474-1A3956D46DE8}") = "Banking", "Banking", "{B75D1AED-CF4D-4C63-9644-2F74C29436C9}"
EndProject
Project("{2150E333-8FDC-42A3-9474-1A3956D46DE8}") = "Api", "Api", "{8F9955A8-538F-4B2B-887C-97124BB797A4}"
EndProject
Project("{2150E333-8FDC-42A3-9474-1A3956D46DE8}") = "Domain", "Domain", "{92AE7FED-4B47-475A-B959-9322B9CA5E55}"
EndProject
Project("{2150E333-8FDC-42A3-9474-1A3956D46DE8}") = "Application", "Application", "{D1AA39EF-D380-44AE-B5B8-270BA45140F8}"
EndProject
Project("{2150E333-8FDC-42A3-9474-1A3956D46DE8}") = "Data", "Data", "{79C04159-54C8-450C-8E16-85498E5DBA3F}"
EndProject
Global
	GlobalSection(SolutionConfigurationPlatforms) = preSolution
		Debug|Any CPU = Debug|Any CPU
		Release|Any CPU = Release|Any CPU
	EndGlobalSection
	GlobalSection(ProjectConfigurationPlatforms) = postSolution
		{5CE38382-7008-4EE9-9A9C-595A31FDA41B}.Debug|Any CPU.ActiveCfg = Debug|Any CPU
		{5CE38382-7008-4EE9-9A9C-595A31FDA41B}.Debug|Any CPU.Build.0 = Debug|Any CPU
		{5CE38382-7008-4EE9-9A9C-595A31FDA41B}.Release|Any CPU.ActiveCfg = Release|Any CPU
		{5CE38382-7008-4EE9-9A9C-595A31FDA41B}.Release|Any CPU.Build.0 = Release|Any CPU
		{21AEB1ED-D796-446A-B00C-92F2F7C039F6}.Debug|Any CPU.ActiveCfg = Debug|Any CPU
		{21AEB1ED-D796-446A-B00C-92F2F7C039F6}.Debug|Any CPU.Build.0 = Debug|Any CPU
		{21AEB1ED-D796-446A-B00C-92F2F7C039F6}.Release|Any CPU.ActiveCfg = Release|Any CPU
		{21AEB1ED-D796-446A-B00C-92F2F7C039F6}.Release|Any CPU.Build.0 = Release|Any CPU
		{193C335C-692A-4EB3-8995-1619C35D4D9F}.Debug|Any CPU.ActiveCfg = Debug|Any CPU
		{193C335C-692A-4EB3-8995-1619C35D4D9F}.Debug|Any CPU.Build.0 = Debug|Any CPU
		{193C335C-692A-4EB3-8995-1619C35D4D9F}.Release|Any CPU.ActiveCfg = Release|Any CPU
		{193C335C-692A-4EB3-8995-1619C35D4D9F}.Release|Any CPU.Build.0 = Release|Any CPU
	EndGlobalSection
	GlobalSection(SolutionProperties) = preSolution
		HideSolutionNode = FALSE
	EndGlobalSection
	GlobalSection(NestedProjects) = preSolution
		{5CE38382-7008-4EE9-9A9C-595A31FDA41B} = {511904A9-5D3F-4B05-83B6-8441B89B0855}
		{21AEB1ED-D796-446A-B00C-92F2F7C039F6} = {D8675D5F-AB73-420E-A20C-BEFD7836A90B}
		{193C335C-692A-4EB3-8995-1619C35D4D9F} = {71DFA452-7E83-4097-84FB-C908D1672F94}
		{B75D1AED-CF4D-4C63-9644-2F74C29436C9} = {B3204165-FBFA-44A8-81C5-692A45E7DF2A}
		{8F9955A8-538F-4B2B-887C-97124BB797A4} = {B75D1AED-CF4D-4C63-9644-2F74C29436C9}
		{92AE7FED-4B47-475A-B959-9322B9CA5E55} = {B75D1AED-CF4D-4C63-9644-2F74C29436C9}
		{D1AA39EF-D380-44AE-B5B8-270BA45140F8} = {B75D1AED-CF4D-4C63-9644-2F74C29436C9}
		{79C04159-54C8-450C-8E16-85498E5DBA3F} = {B75D1AED-CF4D-4C63-9644-2F74C29436C9}
	EndGlobalSection
	GlobalSection(ExtensibilityGlobals) = postSolution
		SolutionGuid = {6593967D-D190-4132-AAE9-6710D1238187}
	EndGlobalSection
EndGlobal
