
Microsoft Visual Studio Solution File, Format Version 12.00
# Visual Studio 15
VisualStudioVersion = 15.0.28307.168
MinimumVisualStudioVersion = 10.0.40219.1
Project("{2150E333-8FDC-42A3-9474-1A3956D46DE8}") = "1-Microservices", "1-Microservices", "{B3204165-FBFA-44A8-81C5-692A45E7DF2A}"
EndProject
Project("{2150E333-8FDC-42A3-9474-1A3956D46DE8}") = "2-Domain", "2-Domain", "{511904A9-5D3F-4B05-83B6-8441B89B0855}"
EndProject
Project("{2150E333-8FDC-42A3-9474-1A3956D46DE8}") = "3-Infra.Bus", "3-Infra.Bus", "{D8675D5F-AB73-420E-A20C-BEFD7836A90B}"
EndProject
Project("{2150E333-8FDC-42A3-9474-1A3956D46DE8}") = "4-Infra.IoC", "4-Infra.IoC", "{71DFA452-7E83-4097-84FB-C908D1672F94}"
EndProject
Project("{2150E333-8FDC-42A3-9474-1A3956D46DE8}") = "0-Presentation", "0-Presentation", "{77DC7E76-E2E4-4B7C-BF36-68246C45E324}"
EndProject
Project("{9A19103F-16F7-4668-BE54-9A1E7A4F7556}") = "MicroRabbit.Domain.Core", "MicroRabbit.Domain.Core\MicroRabbit.Domain.Core.csproj", "{5CE38382-7008-4EE9-9A9C-595A31FDA41B}"
EndProject
Project("{9A19103F-16F7-4668-BE54-9A1E7A4F7556}") = "MicroRabbit.Infra.Bus", "MicroRabbit.Infra.Bus\MicroRabbit.Infra.Bus.csproj", "{21AEB1ED-D796-446A-B00C-92F2F7C039F6}"
EndProject
Project("{9A19103F-16F7-4668-BE54-9A1E7A4F7556}") = "MicroRabbit.Infra.IoC", "MicroRabbit.Infra.IoC\MicroRabbit.Infra.IoC.csproj", "{193C335C-692A-4EB3-8995-1619C35D4D9F}"
EndProject
Project("{2150E333-8FDC-42A3-9474-1A3956D46DE8}") = "Banking", "Banking", "{B75D1AED-CF4D-4C63-9644-2F74C29436C9}"
EndProject
Project("{2150E333-8FDC-42A3-9474-1A3956D46DE8}") = "Api", "Api", "{8F9955A8-538F-4B2B-887C-97124BB797A4}"
EndProject
Project("{2150E333-8FDC-42A3-9474-1A3956D46DE8}") = "Domain", "Domain", "{92AE7FED-4B47-475A-B959-9322B9CA5E55}"
EndProject
Project("{2150E333-8FDC-42A3-9474-1A3956D46DE8}") = "Application", "Application", "{D1AA39EF-D380-44AE-B5B8-270BA45140F8}"
EndProject
Project("{2150E333-8FDC-42A3-9474-1A3956D46DE8}") = "Data", "Data", "{79C04159-54C8-450C-8E16-85498E5DBA3F}"
EndProject
Project("{9A19103F-16F7-4668-BE54-9A1E7A4F7556}") = "MicroRabbit.Banking.Api", "MicroRabbit.Banking.Api\MicroRabbit.Banking.Api.csproj", "{B1A51D5C-FFD3-4031-9A95-9E6A577AB568}"
EndProject
Project("{9A19103F-16F7-4668-BE54-9A1E7A4F7556}") = "MicroRabbit.Banking.Application", "MicroRabbit.Banking.Application\MicroRabbit.Banking.Application.csproj", "{2119338D-F0D4-4BA9-8439-4BE07CC88D21}"
EndProject
Project("{9A19103F-16F7-4668-BE54-9A1E7A4F7556}") = "MicroRabbit.Banking.Data", "MicroRabbit.Banking.Data\MicroRabbit.Banking.Data.csproj", "{2237292B-F8F1-4CF1-9476-CA9A51F59A0A}"
EndProject
Project("{9A19103F-16F7-4668-BE54-9A1E7A4F7556}") = "MicroRabbit.Banking.Domain", "MicroRabbit.Banking.Domain\MicroRabbit.Banking.Domain.csproj", "{65E12BCD-C20B-4419-97A7-92894BF75508}"
EndProject
Project("{2150E333-8FDC-42A3-9474-1A3956D46DE8}") = "Transfer", "Transfer", "{A0821E95-4DD0-4BF7-A27D-434A44C8B5F6}"
EndProject
Project("{2150E333-8FDC-42A3-9474-1A3956D46DE8}") = "1- Api", "1- Api", "{FDACF7FF-C71E-41CF-AA86-E09B14438216}"
EndProject
Project("{2150E333-8FDC-42A3-9474-1A3956D46DE8}") = "2 - Application", "2 - Application", "{63831177-9F47-4253-AFD0-59EB69D9236B}"
EndProject
Project("{2150E333-8FDC-42A3-9474-1A3956D46DE8}") = "3- Domain", "3- Domain", "{588F569F-3615-4B8F-B587-5E68157B1246}"
EndProject
Project("{2150E333-8FDC-42A3-9474-1A3956D46DE8}") = "4- Data", "4- Data", "{238C2AFF-4E5D-4365-AFF2-E724BA11CF2A}"
EndProject
Project("{FAE04EC0-301F-11D3-BF4B-00C04F79EFBC}") = "MicroRabbit.Transfer.Api", "MicroRabbit.Transfer.Api\MicroRabbit.Transfer.Api.csproj", "{08CCCD88-DA55-4B64-A645-CA251A175742}"
EndProject
Project("{FAE04EC0-301F-11D3-BF4B-00C04F79EFBC}") = "MicroRabbit.Transfer.Application", "MicroRabbit.Transfer.Application\MicroRabbit.Transfer.Application.csproj", "{56E93276-EE23-4E4A-ABC7-C67DB4F9B1FC}"
EndProject
Project("{FAE04EC0-301F-11D3-BF4B-00C04F79EFBC}") = "MicroRabbit.Transfer.Domain", "MicroRabbit.Transfer.Domain\MicroRabbit.Transfer.Domain.csproj", "{7E59370E-EB98-4F54-B7BA-00C994D2F65F}"
EndProject
Project("{FAE04EC0-301F-11D3-BF4B-00C04F79EFBC}") = "MicroRabbit.Transfer.Data", "MicroRabbit.Transfer.Data\MicroRabbit.Transfer.Data.csproj", "{9EF7FF75-6CE1-4168-B87E-3316AAFBCB86}"
EndProject
Global
	GlobalSection(SolutionConfigurationPlatforms) = preSolution
		Debug|Any CPU = Debug|Any CPU
		Release|Any CPU = Release|Any CPU
	EndGlobalSection
	GlobalSection(ProjectConfigurationPlatforms) = postSolution
		{5CE38382-7008-4EE9-9A9C-595A31FDA41B}.Debug|Any CPU.ActiveCfg = Debug|Any CPU
		{5CE38382-7008-4EE9-9A9C-595A31FDA41B}.Debug|Any CPU.Build.0 = Debug|Any CPU
		{5CE38382-7008-4EE9-9A9C-595A31FDA41B}.Release|Any CPU.ActiveCfg = Release|Any CPU
		{5CE38382-7008-4EE9-9A9C-595A31FDA41B}.Release|Any CPU.Build.0 = Release|Any CPU
		{21AEB1ED-D796-446A-B00C-92F2F7C039F6}.Debug|Any CPU.ActiveCfg = Debug|Any CPU
		{21AEB1ED-D796-446A-B00C-92F2F7C039F6}.Debug|Any CPU.Build.0 = Debug|Any CPU
		{21AEB1ED-D796-446A-B00C-92F2F7C039F6}.Release|Any CPU.ActiveCfg = Release|Any CPU
		{21AEB1ED-D796-446A-B00C-92F2F7C039F6}.Release|Any CPU.Build.0 = Release|Any CPU
		{193C335C-692A-4EB3-8995-1619C35D4D9F}.Debug|Any CPU.ActiveCfg = Debug|Any CPU
		{193C335C-692A-4EB3-8995-1619C35D4D9F}.Debug|Any CPU.Build.0 = Debug|Any CPU
		{193C335C-692A-4EB3-8995-1619C35D4D9F}.Release|Any CPU.ActiveCfg = Release|Any CPU
		{193C335C-692A-4EB3-8995-1619C35D4D9F}.Release|Any CPU.Build.0 = Release|Any CPU
		{B1A51D5C-FFD3-4031-9A95-9E6A577AB568}.Debug|Any CPU.ActiveCfg = Debug|Any CPU
		{B1A51D5C-FFD3-4031-9A95-9E6A577AB568}.Debug|Any CPU.Build.0 = Debug|Any CPU
		{B1A51D5C-FFD3-4031-9A95-9E6A577AB568}.Release|Any CPU.ActiveCfg = Release|Any CPU
		{B1A51D5C-FFD3-4031-9A95-9E6A577AB568}.Release|Any CPU.Build.0 = Release|Any CPU
		{2119338D-F0D4-4BA9-8439-4BE07CC88D21}.Debug|Any CPU.ActiveCfg = Debug|Any CPU
		{2119338D-F0D4-4BA9-8439-4BE07CC88D21}.Debug|Any CPU.Build.0 = Debug|Any CPU
		{2119338D-F0D4-4BA9-8439-4BE07CC88D21}.Release|Any CPU.ActiveCfg = Release|Any CPU
		{2119338D-F0D4-4BA9-8439-4BE07CC88D21}.Release|Any CPU.Build.0 = Release|Any CPU
		{2237292B-F8F1-4CF1-9476-CA9A51F59A0A}.Debug|Any CPU.ActiveCfg = Debug|Any CPU
		{2237292B-F8F1-4CF1-9476-CA9A51F59A0A}.Debug|Any CPU.Build.0 = Debug|Any CPU
		{2237292B-F8F1-4CF1-9476-CA9A51F59A0A}.Release|Any CPU.ActiveCfg = Release|Any CPU
		{2237292B-F8F1-4CF1-9476-CA9A51F59A0A}.Release|Any CPU.Build.0 = Release|Any CPU
		{65E12BCD-C20B-4419-97A7-92894BF75508}.Debug|Any CPU.ActiveCfg = Debug|Any CPU
		{65E12BCD-C20B-4419-97A7-92894BF75508}.Debug|Any CPU.Build.0 = Debug|Any CPU
		{65E12BCD-C20B-4419-97A7-92894BF75508}.Release|Any CPU.ActiveCfg = Release|Any CPU
		{65E12BCD-C20B-4419-97A7-92894BF75508}.Release|Any CPU.Build.0 = Release|Any CPU
		{08CCCD88-DA55-4B64-A645-CA251A175742}.Debug|Any CPU.ActiveCfg = Debug|Any CPU
		{08CCCD88-DA55-4B64-A645-CA251A175742}.Debug|Any CPU.Build.0 = Debug|Any CPU
		{08CCCD88-DA55-4B64-A645-CA251A175742}.Release|Any CPU.ActiveCfg = Release|Any CPU
		{08CCCD88-DA55-4B64-A645-CA251A175742}.Release|Any CPU.Build.0 = Release|Any CPU
		{56E93276-EE23-4E4A-ABC7-C67DB4F9B1FC}.Debug|Any CPU.ActiveCfg = Debug|Any CPU
		{56E93276-EE23-4E4A-ABC7-C67DB4F9B1FC}.Debug|Any CPU.Build.0 = Debug|Any CPU
		{56E93276-EE23-4E4A-ABC7-C67DB4F9B1FC}.Release|Any CPU.ActiveCfg = Release|Any CPU
		{56E93276-EE23-4E4A-ABC7-C67DB4F9B1FC}.Release|Any CPU.Build.0 = Release|Any CPU
		{7E59370E-EB98-4F54-B7BA-00C994D2F65F}.Debug|Any CPU.ActiveCfg = Debug|Any CPU
		{7E59370E-EB98-4F54-B7BA-00C994D2F65F}.Debug|Any CPU.Build.0 = Debug|Any CPU
		{7E59370E-EB98-4F54-B7BA-00C994D2F65F}.Release|Any CPU.ActiveCfg = Release|Any CPU
		{7E59370E-EB98-4F54-B7BA-00C994D2F65F}.Release|Any CPU.Build.0 = Release|Any CPU
		{9EF7FF75-6CE1-4168-B87E-3316AAFBCB86}.Debug|Any CPU.ActiveCfg = Debug|Any CPU
		{9EF7FF75-6CE1-4168-B87E-3316AAFBCB86}.Debug|Any CPU.Build.0 = Debug|Any CPU
		{9EF7FF75-6CE1-4168-B87E-3316AAFBCB86}.Release|Any CPU.ActiveCfg = Release|Any CPU
		{9EF7FF75-6CE1-4168-B87E-3316AAFBCB86}.Release|Any CPU.Build.0 = Release|Any CPU
	EndGlobalSection
	GlobalSection(SolutionProperties) = preSolution
		HideSolutionNode = FALSE
	EndGlobalSection
	GlobalSection(NestedProjects) = preSolution
		{5CE38382-7008-4EE9-9A9C-595A31FDA41B} = {511904A9-5D3F-4B05-83B6-8441B89B0855}
		{21AEB1ED-D796-446A-B00C-92F2F7C039F6} = {D8675D5F-AB73-420E-A20C-BEFD7836A90B}
		{193C335C-692A-4EB3-8995-1619C35D4D9F} = {71DFA452-7E83-4097-84FB-C908D1672F94}
		{B75D1AED-CF4D-4C63-9644-2F74C29436C9} = {B3204165-FBFA-44A8-81C5-692A45E7DF2A}
		{8F9955A8-538F-4B2B-887C-97124BB797A4} = {B75D1AED-CF4D-4C63-9644-2F74C29436C9}
		{92AE7FED-4B47-475A-B959-9322B9CA5E55} = {B75D1AED-CF4D-4C63-9644-2F74C29436C9}
		{D1AA39EF-D380-44AE-B5B8-270BA45140F8} = {B75D1AED-CF4D-4C63-9644-2F74C29436C9}
		{79C04159-54C8-450C-8E16-85498E5DBA3F} = {B75D1AED-CF4D-4C63-9644-2F74C29436C9}
		{B1A51D5C-FFD3-4031-9A95-9E6A577AB568} = {8F9955A8-538F-4B2B-887C-97124BB797A4}
		{2119338D-F0D4-4BA9-8439-4BE07CC88D21} = {D1AA39EF-D380-44AE-B5B8-270BA45140F8}
		{2237292B-F8F1-4CF1-9476-CA9A51F59A0A} = {79C04159-54C8-450C-8E16-85498E5DBA3F}
		{65E12BCD-C20B-4419-97A7-92894BF75508} = {92AE7FED-4B47-475A-B959-9322B9CA5E55}
		{A0821E95-4DD0-4BF7-A27D-434A44C8B5F6} = {B3204165-FBFA-44A8-81C5-692A45E7DF2A}
		{FDACF7FF-C71E-41CF-AA86-E09B14438216} = {A0821E95-4DD0-4BF7-A27D-434A44C8B5F6}
		{63831177-9F47-4253-AFD0-59EB69D9236B} = {A0821E95-4DD0-4BF7-A27D-434A44C8B5F6}
		{588F569F-3615-4B8F-B587-5E68157B1246} = {A0821E95-4DD0-4BF7-A27D-434A44C8B5F6}
		{238C2AFF-4E5D-4365-AFF2-E724BA11CF2A} = {A0821E95-4DD0-4BF7-A27D-434A44C8B5F6}
		{08CCCD88-DA55-4B64-A645-CA251A175742} = {FDACF7FF-C71E-41CF-AA86-E09B14438216}
		{56E93276-EE23-4E4A-ABC7-C67DB4F9B1FC} = {63831177-9F47-4253-AFD0-59EB69D9236B}
		{7E59370E-EB98-4F54-B7BA-00C994D2F65F} = {588F569F-3615-4B8F-B587-5E68157B1246}
		{9EF7FF75-6CE1-4168-B87E-3316AAFBCB86} = {238C2AFF-4E5D-4365-AFF2-E724BA11CF2A}
	EndGlobalSection
	GlobalSection(ExtensibilityGlobals) = postSolution
		SolutionGuid = {6593967D-D190-4132-AAE9-6710D1238187}
	EndGlobalSection
EndGlobal
